
Microsoft Visual Studio Solution File, Format Version 12.00
# Visual Studio Version 16
VisualStudioVersion = 16.0.31702.278
MinimumVisualStudioVersion = 10.0.40219.1
Project("{8BC9CEB8-8B4A-11D0-8D11-00A0C91BC942}") = "Yams", "Yams\Yams.vcxproj", "{DB5808D3-C165-4C3A-8FF2-0FA8EBAE0601}"
EndProject
Global
	GlobalSection(SolutionConfigurationPlatforms) = preSolution
		Debug|x64 = Debug|x64
		Debug|x86 = Debug|x86
		Release|x64 = Release|x64
		Release|x86 = Release|x86
	EndGlobalSection
	GlobalSection(ProjectConfigurationPlatforms) = postSolution
		{DB5808D3-C165-4C3A-8FF2-0FA8EBAE0601}.Debug|x64.ActiveCfg = Debug|x64
		{DB5808D3-C165-4C3A-8FF2-0FA8EBAE0601}.Debug|x64.Build.0 = Debug|x64
		{DB5808D3-C165-4C3A-8FF2-0FA8EBAE0601}.Debug|x86.ActiveCfg = Debug|Win32
		{DB5808D3-C165-4C3A-8FF2-0FA8EBAE0601}.Debug|x86.Build.0 = Debug|Win32
		{DB5808D3-C165-4C3A-8FF2-0FA8EBAE0601}.Release|x64.ActiveCfg = Release|x64
		{DB5808D3-C165-4C3A-8FF2-0FA8EBAE0601}.Release|x64.Build.0 = Release|x64
		{DB5808D3-C165-4C3A-8FF2-0FA8EBAE0601}.Release|x86.ActiveCfg = Release|Win32
		{DB5808D3-C165-4C3A-8FF2-0FA8EBAE0601}.Release|x86.Build.0 = Release|Win32
	EndGlobalSection
	GlobalSection(SolutionProperties) = preSolution
		HideSolutionNode = FALSE
	EndGlobalSection
	GlobalSection(ExtensibilityGlobals) = postSolution
		SolutionGuid = {B47D0C4B-015D-4526-AF67-9E535C51CCDC}
	EndGlobalSection
EndGlobal
